
Microsoft Visual Studio Solution File, Format Version 12.00
# Visual Studio Version 16
VisualStudioVersion = 16.0.29209.62
MinimumVisualStudioVersion = 10.0.40219.1
Project("{8BC9CEB8-8B4A-11D0-8D11-00A0C91BC942}") = "Assignment 1 - Pathfinding", "Assignment 1 - Pathfinding\Assignment 1 - Pathfinding.vcxproj", "{23282D75-ACDC-49D0-AAEC-0CC292339DD9}"
EndProject
Global
	GlobalSection(SolutionConfigurationPlatforms) = preSolution
		Debug|x64 = Debug|x64
		Debug|x86 = Debug|x86
		Release|x64 = Release|x64
		Release|x86 = Release|x86
	EndGlobalSection
	GlobalSection(ProjectConfigurationPlatforms) = postSolution
		{23282D75-ACDC-49D0-AAEC-0CC292339DD9}.Debug|x64.ActiveCfg = Debug|x64
		{23282D75-ACDC-49D0-AAEC-0CC292339DD9}.Debug|x64.Build.0 = Debug|x64
		{23282D75-ACDC-49D0-AAEC-0CC292339DD9}.Debug|x86.ActiveCfg = Debug|Win32
		{23282D75-ACDC-49D0-AAEC-0CC292339DD9}.Debug|x86.Build.0 = Debug|Win32
		{23282D75-ACDC-49D0-AAEC-0CC292339DD9}.Release|x64.ActiveCfg = Release|x64
		{23282D75-ACDC-49D0-AAEC-0CC292339DD9}.Release|x64.Build.0 = Release|x64
		{23282D75-ACDC-49D0-AAEC-0CC292339DD9}.Release|x86.ActiveCfg = Release|Win32
		{23282D75-ACDC-49D0-AAEC-0CC292339DD9}.Release|x86.Build.0 = Release|Win32
	EndGlobalSection
	GlobalSection(SolutionProperties) = preSolution
		HideSolutionNode = FALSE
	EndGlobalSection
	GlobalSection(ExtensibilityGlobals) = postSolution
		SolutionGuid = {F7099C9C-FB9A-4855-A52D-23FCD846F817}
	EndGlobalSection
EndGlobal
